// !$*UTF8*$!
{
	archiveVersion = 1;
	classes = {
	};
	objectVersion = 56;
	objects = {

/* Begin PBXBuildFile section */
		6A006B90296EA4FE00EA08A5 /* InfoWidgetView.swift in Sources */ = {isa = PBXBuildFile; fileRef = 6A006B8F296EA4FE00EA08A5 /* InfoWidgetView.swift */; };
		6A23FDF4294876EA002A4B89 /* YourFinancesApp.swift in Sources */ = {isa = PBXBuildFile; fileRef = 6A23FDF3294876EA002A4B89 /* YourFinancesApp.swift */; };
		6A23FDF6294876EA002A4B89 /* NewOperationView.swift in Sources */ = {isa = PBXBuildFile; fileRef = 6A23FDF5294876EA002A4B89 /* NewOperationView.swift */; };
		6A23FDF8294876EB002A4B89 /* Assets.xcassets in Resources */ = {isa = PBXBuildFile; fileRef = 6A23FDF7294876EB002A4B89 /* Assets.xcassets */; };
		6A23FDFB294876EB002A4B89 /* Preview Assets.xcassets in Resources */ = {isa = PBXBuildFile; fileRef = 6A23FDFA294876EB002A4B89 /* Preview Assets.xcassets */; };
		6A23FE032948775D002A4B89 /* FinancesModel.swift in Sources */ = {isa = PBXBuildFile; fileRef = 6A23FE022948775D002A4B89 /* FinancesModel.swift */; };
		6A23FE0629487916002A4B89 /* FinancesViewModel.swift in Sources */ = {isa = PBXBuildFile; fileRef = 6A23FE0529487916002A4B89 /* FinancesViewModel.swift */; };
		6A352303297002DE000EB00B /* WidgetProgressBarView.swift in Sources */ = {isa = PBXBuildFile; fileRef = 6A352302297002DE000EB00B /* WidgetProgressBarView.swift */; };
		6A3EDAE029780DF500989831 /* Localizable.strings in Resources */ = {isa = PBXBuildFile; fileRef = 6A3EDAE229780DF500989831 /* Localizable.strings */; };
		6A3EDAE72978172600989831 /* Localizable.swift in Sources */ = {isa = PBXBuildFile; fileRef = 6A3EDAE62978172600989831 /* Localizable.swift */; };
		6A4C9279297890F90042AF2D /* NoOperationsView.swift in Sources */ = {isa = PBXBuildFile; fileRef = 6A4C9278297890F90042AF2D /* NoOperationsView.swift */; };
		6A522044295B155F003FA75E /* MainDescriptionOperationView.swift in Sources */ = {isa = PBXBuildFile; fileRef = 6A522043295B155F003FA75E /* MainDescriptionOperationView.swift */; };
		6A558F6F294A00DE005EDBF0 /* MainView.swift in Sources */ = {isa = PBXBuildFile; fileRef = 6A558F6E294A00DE005EDBF0 /* MainView.swift */; };
		6A558F71294B92FD005EDBF0 /* MainOperationCell.swift in Sources */ = {isa = PBXBuildFile; fileRef = 6A558F70294B92FD005EDBF0 /* MainOperationCell.swift */; };
		6A558F73294C2893005EDBF0 /* TopBarView.swift in Sources */ = {isa = PBXBuildFile; fileRef = 6A558F72294C2893005EDBF0 /* TopBarView.swift */; };
		6A6CF05F297ABC8F00B95175 /* SetupAuth.swift in Sources */ = {isa = PBXBuildFile; fileRef = 6A6CF05E297ABC8F00B95175 /* SetupAuth.swift */; };
		6A6CF062297ABD8500B95175 /* ErrorAuth.swift in Sources */ = {isa = PBXBuildFile; fileRef = 6A6CF061297ABD8500B95175 /* ErrorAuth.swift */; };
		6A6CF064297ABDC800B95175 /* ValidateAuth.swift in Sources */ = {isa = PBXBuildFile; fileRef = 6A6CF063297ABDC800B95175 /* ValidateAuth.swift */; };
		6A6CF066297AC32E00B95175 /* GoogleService-Info.plist in Resources */ = {isa = PBXBuildFile; fileRef = 6A6CF065297AC32E00B95175 /* GoogleService-Info.plist */; };
		6A90DA7D297AB134000C2542 /* StartView.swift in Sources */ = {isa = PBXBuildFile; fileRef = 6A90DA7C297AB134000C2542 /* StartView.swift */; };
		6AA6F6ED294C88EE00672C9A /* ShowCategoriesView.swift in Sources */ = {isa = PBXBuildFile; fileRef = 6AA6F6EC294C88EE00672C9A /* ShowCategoriesView.swift */; };
		6AADECE9296AD17500499567 /* KeyPadButton.swift in Sources */ = {isa = PBXBuildFile; fileRef = 6AADECE8296AD17500499567 /* KeyPadButton.swift */; };
		6AADECEB296AD1EE00499567 /* KeyPadRow.swift in Sources */ = {isa = PBXBuildFile; fileRef = 6AADECEA296AD1EE00499567 /* KeyPadRow.swift */; };
		6AADECED296AD28000499567 /* KeyPad.swift in Sources */ = {isa = PBXBuildFile; fileRef = 6AADECEC296AD28000499567 /* KeyPad.swift */; };
		6AADECEF296AD33D00499567 /* NumPadView.swift in Sources */ = {isa = PBXBuildFile; fileRef = 6AADECEE296AD33D00499567 /* NumPadView.swift */; };
		6AB5C0712971530E00E45FC5 /* FullWeekView.swift in Sources */ = {isa = PBXBuildFile; fileRef = 6AB5C0702971530E00E45FC5 /* FullWeekView.swift */; };
		6AC94A23296D6EC90077E36C /* NewCategoryView.swift in Sources */ = {isa = PBXBuildFile; fileRef = 6AC94A22296D6EC90077E36C /* NewCategoryView.swift */; };
		6AC94A25296D7B120077E36C /* CategoryRowView.swift in Sources */ = {isa = PBXBuildFile; fileRef = 6AC94A24296D7B120077E36C /* CategoryRowView.swift */; };
		6AD02C06297F00E4006DC485 /* Colors.swift in Sources */ = {isa = PBXBuildFile; fileRef = 6AD02C05297F00E4006DC485 /* Colors.swift */; };
		6AD6CAE32970323400270354 /* SetupFont.swift in Sources */ = {isa = PBXBuildFile; fileRef = 6AD6CAE22970323400270354 /* SetupFont.swift */; };
		6AF80F0929709C5500F0D119 /* OneDayView.swift in Sources */ = {isa = PBXBuildFile; fileRef = 6AF80F0829709C5500F0D119 /* OneDayView.swift */; };
/* End PBXBuildFile section */

/* Begin PBXFileReference section */
		6A006B8F296EA4FE00EA08A5 /* InfoWidgetView.swift */ = {isa = PBXFileReference; lastKnownFileType = sourcecode.swift; path = InfoWidgetView.swift; sourceTree = "<group>"; };
		6A23FDF0294876EA002A4B89 /* YourFinances.app */ = {isa = PBXFileReference; explicitFileType = wrapper.application; includeInIndex = 0; path = YourFinances.app; sourceTree = BUILT_PRODUCTS_DIR; };
		6A23FDF3294876EA002A4B89 /* YourFinancesApp.swift */ = {isa = PBXFileReference; lastKnownFileType = sourcecode.swift; path = YourFinancesApp.swift; sourceTree = "<group>"; };
		6A23FDF5294876EA002A4B89 /* NewOperationView.swift */ = {isa = PBXFileReference; lastKnownFileType = sourcecode.swift; path = NewOperationView.swift; sourceTree = "<group>"; };
		6A23FDF7294876EB002A4B89 /* Assets.xcassets */ = {isa = PBXFileReference; lastKnownFileType = folder.assetcatalog; path = Assets.xcassets; sourceTree = "<group>"; };
		6A23FDFA294876EB002A4B89 /* Preview Assets.xcassets */ = {isa = PBXFileReference; lastKnownFileType = folder.assetcatalog; path = "Preview Assets.xcassets"; sourceTree = "<group>"; };
		6A23FE022948775D002A4B89 /* FinancesModel.swift */ = {isa = PBXFileReference; lastKnownFileType = sourcecode.swift; path = FinancesModel.swift; sourceTree = "<group>"; };
		6A23FE0529487916002A4B89 /* FinancesViewModel.swift */ = {isa = PBXFileReference; lastKnownFileType = sourcecode.swift; path = FinancesViewModel.swift; sourceTree = "<group>"; };
		6A352302297002DE000EB00B /* WidgetProgressBarView.swift */ = {isa = PBXFileReference; lastKnownFileType = sourcecode.swift; path = WidgetProgressBarView.swift; sourceTree = "<group>"; };
		6A3EDAE129780DF500989831 /* en */ = {isa = PBXFileReference; lastKnownFileType = text.plist.strings; name = en; path = en.lproj/Localizable.strings; sourceTree = "<group>"; };
		6A3EDAE329780DF900989831 /* ru */ = {isa = PBXFileReference; lastKnownFileType = text.plist.strings; name = ru; path = ru.lproj/Localizable.strings; sourceTree = "<group>"; };
		6A3EDAE62978172600989831 /* Localizable.swift */ = {isa = PBXFileReference; lastKnownFileType = sourcecode.swift; path = Localizable.swift; sourceTree = "<group>"; };
		6A4C9278297890F90042AF2D /* NoOperationsView.swift */ = {isa = PBXFileReference; lastKnownFileType = sourcecode.swift; path = NoOperationsView.swift; sourceTree = "<group>"; };
		6A522043295B155F003FA75E /* MainDescriptionOperationView.swift */ = {isa = PBXFileReference; lastKnownFileType = sourcecode.swift; path = MainDescriptionOperationView.swift; sourceTree = "<group>"; };
		6A558F6E294A00DE005EDBF0 /* MainView.swift */ = {isa = PBXFileReference; lastKnownFileType = sourcecode.swift; path = MainView.swift; sourceTree = "<group>"; };
		6A558F70294B92FD005EDBF0 /* MainOperationCell.swift */ = {isa = PBXFileReference; lastKnownFileType = sourcecode.swift; path = MainOperationCell.swift; sourceTree = "<group>"; };
		6A558F72294C2893005EDBF0 /* TopBarView.swift */ = {isa = PBXFileReference; lastKnownFileType = sourcecode.swift; path = TopBarView.swift; sourceTree = "<group>"; };
		6A6CF05E297ABC8F00B95175 /* SetupAuth.swift */ = {isa = PBXFileReference; lastKnownFileType = sourcecode.swift; path = SetupAuth.swift; sourceTree = "<group>"; };
		6A6CF061297ABD8500B95175 /* ErrorAuth.swift */ = {isa = PBXFileReference; lastKnownFileType = sourcecode.swift; path = ErrorAuth.swift; sourceTree = "<group>"; };
		6A6CF063297ABDC800B95175 /* ValidateAuth.swift */ = {isa = PBXFileReference; lastKnownFileType = sourcecode.swift; path = ValidateAuth.swift; sourceTree = "<group>"; };
		6A6CF065297AC32E00B95175 /* GoogleService-Info.plist */ = {isa = PBXFileReference; fileEncoding = 4; lastKnownFileType = text.plist.xml; path = "GoogleService-Info.plist"; sourceTree = "<group>"; };
		6A80A1B12976FA5A00A7611A /* Info.plist */ = {isa = PBXFileReference; lastKnownFileType = text.plist.xml; path = Info.plist; sourceTree = "<group>"; };
		6A90DA7C297AB134000C2542 /* StartView.swift */ = {isa = PBXFileReference; lastKnownFileType = sourcecode.swift; path = StartView.swift; sourceTree = "<group>"; };
		6AA6F6EC294C88EE00672C9A /* ShowCategoriesView.swift */ = {isa = PBXFileReference; lastKnownFileType = sourcecode.swift; path = ShowCategoriesView.swift; sourceTree = "<group>"; };
		6AADECE8296AD17500499567 /* KeyPadButton.swift */ = {isa = PBXFileReference; lastKnownFileType = sourcecode.swift; path = KeyPadButton.swift; sourceTree = "<group>"; };
		6AADECEA296AD1EE00499567 /* KeyPadRow.swift */ = {isa = PBXFileReference; lastKnownFileType = sourcecode.swift; path = KeyPadRow.swift; sourceTree = "<group>"; };
		6AADECEC296AD28000499567 /* KeyPad.swift */ = {isa = PBXFileReference; lastKnownFileType = sourcecode.swift; path = KeyPad.swift; sourceTree = "<group>"; };
		6AADECEE296AD33D00499567 /* NumPadView.swift */ = {isa = PBXFileReference; lastKnownFileType = sourcecode.swift; path = NumPadView.swift; sourceTree = "<group>"; };
		6AB5C0702971530E00E45FC5 /* FullWeekView.swift */ = {isa = PBXFileReference; lastKnownFileType = sourcecode.swift; path = FullWeekView.swift; sourceTree = "<group>"; };
		6AC94A22296D6EC90077E36C /* NewCategoryView.swift */ = {isa = PBXFileReference; lastKnownFileType = sourcecode.swift; path = NewCategoryView.swift; sourceTree = "<group>"; };
		6AC94A24296D7B120077E36C /* CategoryRowView.swift */ = {isa = PBXFileReference; lastKnownFileType = sourcecode.swift; path = CategoryRowView.swift; sourceTree = "<group>"; };
		6AD02C05297F00E4006DC485 /* Colors.swift */ = {isa = PBXFileReference; lastKnownFileType = sourcecode.swift; path = Colors.swift; sourceTree = "<group>"; };
		6AD6CAE22970323400270354 /* SetupFont.swift */ = {isa = PBXFileReference; lastKnownFileType = sourcecode.swift; path = SetupFont.swift; sourceTree = "<group>"; };
		6AF80F0829709C5500F0D119 /* OneDayView.swift */ = {isa = PBXFileReference; lastKnownFileType = sourcecode.swift; path = OneDayView.swift; sourceTree = "<group>"; };
/* End PBXFileReference section */

/* Begin PBXFrameworksBuildPhase section */
		6A23FDED294876EA002A4B89 /* Frameworks */ = {
			isa = PBXFrameworksBuildPhase;
			buildActionMask = 2147483647;
			files = (
			);
			runOnlyForDeploymentPostprocessing = 0;
		};
/* End PBXFrameworksBuildPhase section */

/* Begin PBXGroup section */
		6A1FAA72297087EF00D2B14D /* NewCategory */ = {
			isa = PBXGroup;
			children = (
				6AC94A24296D7B120077E36C /* CategoryRowView.swift */,
				6AC94A22296D6EC90077E36C /* NewCategoryView.swift */,
			);
			path = NewCategory;
			sourceTree = "<group>";
		};
		6A1FAA73297094D100D2B14D /* Main */ = {
			isa = PBXGroup;
			children = (
				6A558F6E294A00DE005EDBF0 /* MainView.swift */,
				6A558F70294B92FD005EDBF0 /* MainOperationCell.swift */,
				6A522043295B155F003FA75E /* MainDescriptionOperationView.swift */,
			);
			path = Main;
			sourceTree = "<group>";
		};
		6A23FDE7294876EA002A4B89 = {
			isa = PBXGroup;
			children = (
				6A23FDF2294876EA002A4B89 /* YourFinances */,
				6A23FDF1294876EA002A4B89 /* Products */,
			);
			sourceTree = "<group>";
		};
		6A23FDF1294876EA002A4B89 /* Products */ = {
			isa = PBXGroup;
			children = (
				6A23FDF0294876EA002A4B89 /* YourFinances.app */,
			);
			name = Products;
			sourceTree = "<group>";
		};
		6A23FDF2294876EA002A4B89 /* YourFinances */ = {
			isa = PBXGroup;
			children = (
				6A558F6C294A00BB005EDBF0 /* Application */,
				6A23FE012948773C002A4B89 /* Model */,
				6A558F6D294A00C6005EDBF0 /* View */,
				6A23FE0429487900002A4B89 /* ViewModel */,
				6AD6CAE12970320400270354 /* Resources */,
				6A6CF05D297AB9C300B95175 /* Firebase */,
				6A23FDF7294876EB002A4B89 /* Assets.xcassets */,
				6A23FDF9294876EB002A4B89 /* Preview Content */,
			);
			path = YourFinances;
			sourceTree = "<group>";
		};
		6A23FDF9294876EB002A4B89 /* Preview Content */ = {
			isa = PBXGroup;
			children = (
				6A23FDFA294876EB002A4B89 /* Preview Assets.xcassets */,
			);
			path = "Preview Content";
			sourceTree = "<group>";
		};
		6A23FE012948773C002A4B89 /* Model */ = {
			isa = PBXGroup;
			children = (
				6A23FE022948775D002A4B89 /* FinancesModel.swift */,
			);
			path = Model;
			sourceTree = "<group>";
		};
		6A23FE0429487900002A4B89 /* ViewModel */ = {
			isa = PBXGroup;
			children = (
				6A23FE0529487916002A4B89 /* FinancesViewModel.swift */,
			);
			path = ViewModel;
			sourceTree = "<group>";
		};
		6A558F6C294A00BB005EDBF0 /* Application */ = {
			isa = PBXGroup;
			children = (
				6A23FDF3294876EA002A4B89 /* YourFinancesApp.swift */,
				6A80A1B12976FA5A00A7611A /* Info.plist */,
				6A3EDAE229780DF500989831 /* Localizable.strings */,
				6A3EDAE62978172600989831 /* Localizable.swift */,
			);
			path = Application;
			sourceTree = "<group>";
		};
		6A558F6D294A00C6005EDBF0 /* View */ = {
			isa = PBXGroup;
			children = (
				6A90DA7A297AB0FF000C2542 /* Authorization */,
				6AF80F0729709C3B00F0D119 /* Calendar */,
				6AD6CAE42970372F00270354 /* UI-Elements */,
				6AE33508295DC90F008AE851 /* NewOperation */,
				6A1FAA72297087EF00D2B14D /* NewCategory */,
				6A1FAA73297094D100D2B14D /* Main */,
			);
			path = View;
			sourceTree = "<group>";
		};
		6A6CF05D297AB9C300B95175 /* Firebase */ = {
			isa = PBXGroup;
			children = (
				6A6CF060297ABD7300B95175 /* Auth */,
				6A6CF065297AC32E00B95175 /* GoogleService-Info.plist */,
			);
			path = Firebase;
			sourceTree = "<group>";
		};
		6A6CF060297ABD7300B95175 /* Auth */ = {
			isa = PBXGroup;
			children = (
				6A6CF05E297ABC8F00B95175 /* SetupAuth.swift */,
				6A6CF061297ABD8500B95175 /* ErrorAuth.swift */,
				6A6CF063297ABDC800B95175 /* ValidateAuth.swift */,
			);
			path = Auth;
			sourceTree = "<group>";
		};
		6A7735B029703AD400CB1558 /* MainWidget */ = {
			isa = PBXGroup;
			children = (
				6A352302297002DE000EB00B /* WidgetProgressBarView.swift */,
				6A006B8F296EA4FE00EA08A5 /* InfoWidgetView.swift */,
			);
			path = MainWidget;
			sourceTree = "<group>";
		};
		6A90DA7A297AB0FF000C2542 /* Authorization */ = {
			isa = PBXGroup;
			children = (
				6A90DA7C297AB134000C2542 /* StartView.swift */,
			);
			path = Authorization;
			sourceTree = "<group>";
		};
		6AADECE7296AD10D00499567 /* CustomNumpad */ = {
			isa = PBXGroup;
			children = (
				6AADECE8296AD17500499567 /* KeyPadButton.swift */,
				6AADECEA296AD1EE00499567 /* KeyPadRow.swift */,
				6AADECEC296AD28000499567 /* KeyPad.swift */,
				6AADECEE296AD33D00499567 /* NumPadView.swift */,
			);
			path = CustomNumpad;
			sourceTree = "<group>";
		};
		6AD6CAE12970320400270354 /* Resources */ = {
			isa = PBXGroup;
			children = (
				6AD6CAE22970323400270354 /* SetupFont.swift */,
				6AD02C05297F00E4006DC485 /* Colors.swift */,
			);
			path = Resources;
			sourceTree = "<group>";
		};
		6AD6CAE42970372F00270354 /* UI-Elements */ = {
			isa = PBXGroup;
			children = (
				6A558F72294C2893005EDBF0 /* TopBarView.swift */,
				6AADECE7296AD10D00499567 /* CustomNumpad */,
				6A7735B029703AD400CB1558 /* MainWidget */,
			);
			path = "UI-Elements";
			sourceTree = "<group>";
		};
		6AE33508295DC90F008AE851 /* NewOperation */ = {
			isa = PBXGroup;
			children = (
				6AA6F6EC294C88EE00672C9A /* ShowCategoriesView.swift */,
				6A23FDF5294876EA002A4B89 /* NewOperationView.swift */,
			);
			path = NewOperation;
			sourceTree = "<group>";
		};
		6AF80F0729709C3B00F0D119 /* Calendar */ = {
			isa = PBXGroup;
			children = (
				6AF80F0829709C5500F0D119 /* OneDayView.swift */,
				6AB5C0702971530E00E45FC5 /* FullWeekView.swift */,
				6A4C9278297890F90042AF2D /* NoOperationsView.swift */,
			);
			path = Calendar;
			sourceTree = "<group>";
		};
/* End PBXGroup section */

/* Begin PBXNativeTarget section */
		6A23FDEF294876EA002A4B89 /* YourFinances */ = {
			isa = PBXNativeTarget;
			buildConfigurationList = 6A23FDFE294876EB002A4B89 /* Build configuration list for PBXNativeTarget "YourFinances" */;
			buildPhases = (
				6A23FDEC294876EA002A4B89 /* Sources */,
				6A23FDED294876EA002A4B89 /* Frameworks */,
				6A23FDEE294876EA002A4B89 /* Resources */,
			);
			buildRules = (
			);
			dependencies = (
			);
			name = YourFinances;
			packageProductDependencies = (
			);
			productName = YourFinances;
			productReference = 6A23FDF0294876EA002A4B89 /* YourFinances.app */;
			productType = "com.apple.product-type.application";
		};
/* End PBXNativeTarget section */

/* Begin PBXProject section */
		6A23FDE8294876EA002A4B89 /* Project object */ = {
			isa = PBXProject;
			attributes = {
				BuildIndependentTargetsInParallel = 1;
				LastSwiftUpdateCheck = 1410;
				LastUpgradeCheck = 1410;
				TargetAttributes = {
					6A23FDEF294876EA002A4B89 = {
						CreatedOnToolsVersion = 14.1;
					};
				};
			};
			buildConfigurationList = 6A23FDEB294876EA002A4B89 /* Build configuration list for PBXProject "YourFinances" */;
			compatibilityVersion = "Xcode 14.0";
			developmentRegion = en;
			hasScannedForEncodings = 0;
			knownRegions = (
				en,
				Base,
				ru,
			);
			mainGroup = 6A23FDE7294876EA002A4B89;
			packageReferences = (
			);
			productRefGroup = 6A23FDF1294876EA002A4B89 /* Products */;
			projectDirPath = "";
			projectRoot = "";
			targets = (
				6A23FDEF294876EA002A4B89 /* YourFinances */,
			);
		};
/* End PBXProject section */

/* Begin PBXResourcesBuildPhase section */
		6A23FDEE294876EA002A4B89 /* Resources */ = {
			isa = PBXResourcesBuildPhase;
			buildActionMask = 2147483647;
			files = (
				6A23FDFB294876EB002A4B89 /* Preview Assets.xcassets in Resources */,
				6A6CF066297AC32E00B95175 /* GoogleService-Info.plist in Resources */,
				6A3EDAE029780DF500989831 /* Localizable.strings in Resources */,
				6A23FDF8294876EB002A4B89 /* Assets.xcassets in Resources */,
			);
			runOnlyForDeploymentPostprocessing = 0;
		};
/* End PBXResourcesBuildPhase section */

/* Begin PBXSourcesBuildPhase section */
		6A23FDEC294876EA002A4B89 /* Sources */ = {
			isa = PBXSourcesBuildPhase;
			buildActionMask = 2147483647;
			files = (
				6A3EDAE72978172600989831 /* Localizable.swift in Sources */,
				6A23FDF6294876EA002A4B89 /* NewOperationView.swift in Sources */,
				6AADECEF296AD33D00499567 /* NumPadView.swift in Sources */,
				6AD6CAE32970323400270354 /* SetupFont.swift in Sources */,
				6A23FE0629487916002A4B89 /* FinancesViewModel.swift in Sources */,
				6A6CF064297ABDC800B95175 /* ValidateAuth.swift in Sources */,
				6A23FE032948775D002A4B89 /* FinancesModel.swift in Sources */,
				6AADECEB296AD1EE00499567 /* KeyPadRow.swift in Sources */,
				6AC94A23296D6EC90077E36C /* NewCategoryView.swift in Sources */,
				6A90DA7D297AB134000C2542 /* StartView.swift in Sources */,
				6AD02C06297F00E4006DC485 /* Colors.swift in Sources */,
				6A558F71294B92FD005EDBF0 /* MainOperationCell.swift in Sources */,
				6AC94A25296D7B120077E36C /* CategoryRowView.swift in Sources */,
				6A522044295B155F003FA75E /* MainDescriptionOperationView.swift in Sources */,
				6A558F73294C2893005EDBF0 /* TopBarView.swift in Sources */,
				6A6CF05F297ABC8F00B95175 /* SetupAuth.swift in Sources */,
				6A006B90296EA4FE00EA08A5 /* InfoWidgetView.swift in Sources */,
				6A558F6F294A00DE005EDBF0 /* MainView.swift in Sources */,
				6AADECED296AD28000499567 /* KeyPad.swift in Sources */,
				6AB5C0712971530E00E45FC5 /* FullWeekView.swift in Sources */,
				6AADECE9296AD17500499567 /* KeyPadButton.swift in Sources */,
				6A352303297002DE000EB00B /* WidgetProgressBarView.swift in Sources */,
				6A4C9279297890F90042AF2D /* NoOperationsView.swift in Sources */,
				6AA6F6ED294C88EE00672C9A /* ShowCategoriesView.swift in Sources */,
				6AF80F0929709C5500F0D119 /* OneDayView.swift in Sources */,
				6A6CF062297ABD8500B95175 /* ErrorAuth.swift in Sources */,
				6A23FDF4294876EA002A4B89 /* YourFinancesApp.swift in Sources */,
			);
			runOnlyForDeploymentPostprocessing = 0;
		};
/* End PBXSourcesBuildPhase section */

/* Begin PBXVariantGroup section */
		6A3EDAE229780DF500989831 /* Localizable.strings */ = {
			isa = PBXVariantGroup;
			children = (
				6A3EDAE129780DF500989831 /* en */,
				6A3EDAE329780DF900989831 /* ru */,
			);
			name = Localizable.strings;
			sourceTree = "<group>";
		};
/* End PBXVariantGroup section */

/* Begin XCBuildConfiguration section */
		6A23FDFC294876EB002A4B89 /* Debug */ = {
			isa = XCBuildConfiguration;
			buildSettings = {
				ALWAYS_SEARCH_USER_PATHS = NO;
				CLANG_ANALYZER_NONNULL = YES;
				CLANG_ANALYZER_NUMBER_OBJECT_CONVERSION = YES_AGGRESSIVE;
				CLANG_CXX_LANGUAGE_STANDARD = "gnu++20";
				CLANG_ENABLE_MODULES = YES;
				CLANG_ENABLE_OBJC_ARC = YES;
				CLANG_ENABLE_OBJC_WEAK = YES;
				CLANG_WARN_BLOCK_CAPTURE_AUTORELEASING = YES;
				CLANG_WARN_BOOL_CONVERSION = YES;
				CLANG_WARN_COMMA = YES;
				CLANG_WARN_CONSTANT_CONVERSION = YES;
				CLANG_WARN_DEPRECATED_OBJC_IMPLEMENTATIONS = YES;
				CLANG_WARN_DIRECT_OBJC_ISA_USAGE = YES_ERROR;
				CLANG_WARN_DOCUMENTATION_COMMENTS = YES;
				CLANG_WARN_EMPTY_BODY = YES;
				CLANG_WARN_ENUM_CONVERSION = YES;
				CLANG_WARN_INFINITE_RECURSION = YES;
				CLANG_WARN_INT_CONVERSION = YES;
				CLANG_WARN_NON_LITERAL_NULL_CONVERSION = YES;
				CLANG_WARN_OBJC_IMPLICIT_RETAIN_SELF = YES;
				CLANG_WARN_OBJC_LITERAL_CONVERSION = YES;
				CLANG_WARN_OBJC_ROOT_CLASS = YES_ERROR;
				CLANG_WARN_QUOTED_INCLUDE_IN_FRAMEWORK_HEADER = YES;
				CLANG_WARN_RANGE_LOOP_ANALYSIS = YES;
				CLANG_WARN_STRICT_PROTOTYPES = YES;
				CLANG_WARN_SUSPICIOUS_MOVE = YES;
				CLANG_WARN_UNGUARDED_AVAILABILITY = YES_AGGRESSIVE;
				CLANG_WARN_UNREACHABLE_CODE = YES;
				CLANG_WARN__DUPLICATE_METHOD_MATCH = YES;
				COPY_PHASE_STRIP = NO;
				DEBUG_INFORMATION_FORMAT = dwarf;
				ENABLE_STRICT_OBJC_MSGSEND = YES;
				ENABLE_TESTABILITY = YES;
				GCC_C_LANGUAGE_STANDARD = gnu11;
				GCC_DYNAMIC_NO_PIC = NO;
				GCC_NO_COMMON_BLOCKS = YES;
				GCC_OPTIMIZATION_LEVEL = 0;
				GCC_PREPROCESSOR_DEFINITIONS = (
					"DEBUG=1",
					"$(inherited)",
				);
				GCC_WARN_64_TO_32_BIT_CONVERSION = YES;
				GCC_WARN_ABOUT_RETURN_TYPE = YES_ERROR;
				GCC_WARN_UNDECLARED_SELECTOR = YES;
				GCC_WARN_UNINITIALIZED_AUTOS = YES_AGGRESSIVE;
				GCC_WARN_UNUSED_FUNCTION = YES;
				GCC_WARN_UNUSED_VARIABLE = YES;
				IPHONEOS_DEPLOYMENT_TARGET = 16.1;
				MTL_ENABLE_DEBUG_INFO = INCLUDE_SOURCE;
				MTL_FAST_MATH = YES;
				ONLY_ACTIVE_ARCH = YES;
				SDKROOT = iphoneos;
				SWIFT_ACTIVE_COMPILATION_CONDITIONS = DEBUG;
				SWIFT_OPTIMIZATION_LEVEL = "-Onone";
			};
			name = Debug;
		};
		6A23FDFD294876EB002A4B89 /* Release */ = {
			isa = XCBuildConfiguration;
			buildSettings = {
				ALWAYS_SEARCH_USER_PATHS = NO;
				CLANG_ANALYZER_NONNULL = YES;
				CLANG_ANALYZER_NUMBER_OBJECT_CONVERSION = YES_AGGRESSIVE;
				CLANG_CXX_LANGUAGE_STANDARD = "gnu++20";
				CLANG_ENABLE_MODULES = YES;
				CLANG_ENABLE_OBJC_ARC = YES;
				CLANG_ENABLE_OBJC_WEAK = YES;
				CLANG_WARN_BLOCK_CAPTURE_AUTORELEASING = YES;
				CLANG_WARN_BOOL_CONVERSION = YES;
				CLANG_WARN_COMMA = YES;
				CLANG_WARN_CONSTANT_CONVERSION = YES;
				CLANG_WARN_DEPRECATED_OBJC_IMPLEMENTATIONS = YES;
				CLANG_WARN_DIRECT_OBJC_ISA_USAGE = YES_ERROR;
				CLANG_WARN_DOCUMENTATION_COMMENTS = YES;
				CLANG_WARN_EMPTY_BODY = YES;
				CLANG_WARN_ENUM_CONVERSION = YES;
				CLANG_WARN_INFINITE_RECURSION = YES;
				CLANG_WARN_INT_CONVERSION = YES;
				CLANG_WARN_NON_LITERAL_NULL_CONVERSION = YES;
				CLANG_WARN_OBJC_IMPLICIT_RETAIN_SELF = YES;
				CLANG_WARN_OBJC_LITERAL_CONVERSION = YES;
				CLANG_WARN_OBJC_ROOT_CLASS = YES_ERROR;
				CLANG_WARN_QUOTED_INCLUDE_IN_FRAMEWORK_HEADER = YES;
				CLANG_WARN_RANGE_LOOP_ANALYSIS = YES;
				CLANG_WARN_STRICT_PROTOTYPES = YES;
				CLANG_WARN_SUSPICIOUS_MOVE = YES;
				CLANG_WARN_UNGUARDED_AVAILABILITY = YES_AGGRESSIVE;
				CLANG_WARN_UNREACHABLE_CODE = YES;
				CLANG_WARN__DUPLICATE_METHOD_MATCH = YES;
				COPY_PHASE_STRIP = NO;
				DEBUG_INFORMATION_FORMAT = "dwarf-with-dsym";
				ENABLE_NS_ASSERTIONS = NO;
				ENABLE_STRICT_OBJC_MSGSEND = YES;
				GCC_C_LANGUAGE_STANDARD = gnu11;
				GCC_NO_COMMON_BLOCKS = YES;
				GCC_WARN_64_TO_32_BIT_CONVERSION = YES;
				GCC_WARN_ABOUT_RETURN_TYPE = YES_ERROR;
				GCC_WARN_UNDECLARED_SELECTOR = YES;
				GCC_WARN_UNINITIALIZED_AUTOS = YES_AGGRESSIVE;
				GCC_WARN_UNUSED_FUNCTION = YES;
				GCC_WARN_UNUSED_VARIABLE = YES;
				IPHONEOS_DEPLOYMENT_TARGET = 16.1;
				MTL_ENABLE_DEBUG_INFO = NO;
				MTL_FAST_MATH = YES;
				SDKROOT = iphoneos;
				SWIFT_COMPILATION_MODE = wholemodule;
				SWIFT_OPTIMIZATION_LEVEL = "-O";
				VALIDATE_PRODUCT = YES;
			};
			name = Release;
		};
		6A23FDFF294876EB002A4B89 /* Debug */ = {
			isa = XCBuildConfiguration;
			buildSettings = {
				ASSETCATALOG_COMPILER_APPICON_NAME = AppIcon;
				ASSETCATALOG_COMPILER_GLOBAL_ACCENT_COLOR_NAME = AccentColor;
				CODE_SIGN_STYLE = Automatic;
				CURRENT_PROJECT_VERSION = 1;
				DEVELOPMENT_ASSET_PATHS = "\"YourFinances/Preview Content\"";
				DEVELOPMENT_TEAM = 66STM82H6X;
				ENABLE_PREVIEWS = YES;
				GENERATE_INFOPLIST_FILE = YES;
				INFOPLIST_FILE = YourFinances/Application/Info.plist;
				INFOPLIST_KEY_CFBundleDisplayName = Finances;
				INFOPLIST_KEY_UIApplicationSupportsIndirectInputEvents = YES;
				INFOPLIST_KEY_UILaunchScreen_Generation = YES;
				INFOPLIST_KEY_UIStatusBarStyle = UIStatusBarStyleLightContent;
				INFOPLIST_KEY_UISupportedInterfaceOrientations = UIInterfaceOrientationPortrait;
				INFOPLIST_KEY_UISupportedInterfaceOrientations_iPad = "UIInterfaceOrientationLandscapeLeft UIInterfaceOrientationLandscapeRight UIInterfaceOrientationPortrait UIInterfaceOrientationPortraitUpsideDown";
				IPHONEOS_DEPLOYMENT_TARGET = 15.6;
				LD_RUNPATH_SEARCH_PATHS = (
					"$(inherited)",
					"@executable_path/Frameworks",
				);
				MARKETING_VERSION = 1.0;
				PRODUCT_BUNDLE_IDENTIFIER = com.prilezhnyj.YourFinances;
				PRODUCT_NAME = "$(TARGET_NAME)";
				SUPPORTED_PLATFORMS = "iphoneos iphonesimulator";
				SUPPORTS_MACCATALYST = NO;
				SUPPORTS_MAC_DESIGNED_FOR_IPHONE_IPAD = NO;
				SWIFT_EMIT_LOC_STRINGS = YES;
				SWIFT_VERSION = 5.0;
				TARGETED_DEVICE_FAMILY = 1;
			};
			name = Debug;
		};
		6A23FE00294876EB002A4B89 /* Release */ = {
			isa = XCBuildConfiguration;
			buildSettings = {
				ASSETCATALOG_COMPILER_APPICON_NAME = AppIcon;
				ASSETCATALOG_COMPILER_GLOBAL_ACCENT_COLOR_NAME = AccentColor;
				CODE_SIGN_STYLE = Automatic;
				CURRENT_PROJECT_VERSION = 1;
				DEVELOPMENT_ASSET_PATHS = "\"YourFinances/Preview Content\"";
				DEVELOPMENT_TEAM = 66STM82H6X;
				ENABLE_PREVIEWS = YES;
				GENERATE_INFOPLIST_FILE = YES;
				INFOPLIST_FILE = YourFinances/Application/Info.plist;
				INFOPLIST_KEY_CFBundleDisplayName = Finances;
				INFOPLIST_KEY_UIApplicationSupportsIndirectInputEvents = YES;
				INFOPLIST_KEY_UILaunchScreen_Generation = YES;
				INFOPLIST_KEY_UIStatusBarStyle = UIStatusBarStyleLightContent;
				INFOPLIST_KEY_UISupportedInterfaceOrientations = UIInterfaceOrientationPortrait;
				INFOPLIST_KEY_UISupportedInterfaceOrientations_iPad = "UIInterfaceOrientationLandscapeLeft UIInterfaceOrientationLandscapeRight UIInterfaceOrientationPortrait UIInterfaceOrientationPortraitUpsideDown";
				IPHONEOS_DEPLOYMENT_TARGET = 15.6;
				LD_RUNPATH_SEARCH_PATHS = (
					"$(inherited)",
					"@executable_path/Frameworks",
				);
				MARKETING_VERSION = 1.0;
				PRODUCT_BUNDLE_IDENTIFIER = com.prilezhnyj.YourFinances;
				PRODUCT_NAME = "$(TARGET_NAME)";
				SUPPORTED_PLATFORMS = "iphoneos iphonesimulator";
				SUPPORTS_MACCATALYST = NO;
				SUPPORTS_MAC_DESIGNED_FOR_IPHONE_IPAD = NO;
				SWIFT_EMIT_LOC_STRINGS = YES;
				SWIFT_VERSION = 5.0;
				TARGETED_DEVICE_FAMILY = 1;
			};
			name = Release;
		};
/* End XCBuildConfiguration section */

/* Begin XCConfigurationList section */
		6A23FDEB294876EA002A4B89 /* Build configuration list for PBXProject "YourFinances" */ = {
			isa = XCConfigurationList;
			buildConfigurations = (
				6A23FDFC294876EB002A4B89 /* Debug */,
				6A23FDFD294876EB002A4B89 /* Release */,
			);
			defaultConfigurationIsVisible = 0;
			defaultConfigurationName = Release;
		};
		6A23FDFE294876EB002A4B89 /* Build configuration list for PBXNativeTarget "YourFinances" */ = {
			isa = XCConfigurationList;
			buildConfigurations = (
				6A23FDFF294876EB002A4B89 /* Debug */,
				6A23FE00294876EB002A4B89 /* Release */,
			);
			defaultConfigurationIsVisible = 0;
			defaultConfigurationName = Release;
		};
/* End XCConfigurationList section */
	};
	rootObject = 6A23FDE8294876EA002A4B89 /* Project object */;
}
